
Microsoft Visual Studio Solution File, Format Version 12.00
# Visual Studio Version 16
VisualStudioVersion = 16.0.30907.101
MinimumVisualStudioVersion = 10.0.40219.1
Project("{FAE04EC0-301F-11D3-BF4B-00C04F79EFBC}") = "OOP6", "OOP6\OOP6.csproj", "{1E336E8E-479F-46A0-B621-00160E8BF72D}"
EndProject
Global
	GlobalSection(SolutionConfigurationPlatforms) = preSolution
		Debug|Any CPU = Debug|Any CPU
		Release|Any CPU = Release|Any CPU
	EndGlobalSection
	GlobalSection(ProjectConfigurationPlatforms) = postSolution
		{1E336E8E-479F-46A0-B621-00160E8BF72D}.Debug|Any CPU.ActiveCfg = Debug|Any CPU
		{1E336E8E-479F-46A0-B621-00160E8BF72D}.Debug|Any CPU.Build.0 = Debug|Any CPU
		{1E336E8E-479F-46A0-B621-00160E8BF72D}.Release|Any CPU.ActiveCfg = Release|Any CPU
		{1E336E8E-479F-46A0-B621-00160E8BF72D}.Release|Any CPU.Build.0 = Release|Any CPU
	EndGlobalSection
	GlobalSection(SolutionProperties) = preSolution
		HideSolutionNode = FALSE
	EndGlobalSection
	GlobalSection(ExtensibilityGlobals) = postSolution
		SolutionGuid = {FD38B399-588E-4509-A019-82283BDD1557}
	EndGlobalSection
EndGlobal
